// !$*UTF8*$!
{
	archiveVersion = 1;
	classes = {
	};
	objectVersion = 51;
	objects = {

/* Begin PBXBuildFile section */
		184B822D676B167F2E7AAA5C /* Pods_Instagram_InstagramUITests.framework in Frameworks */ = {isa = PBXBuildFile; fileRef = 09C8709F24BBF493829E807B /* Pods_Instagram_InstagramUITests.framework */; };
		564C98C18A10D18076F3C416 /* Pods_InstagramTests.framework in Frameworks */ = {isa = PBXBuildFile; fileRef = 3D8239426EFFB4B7B834FE55 /* Pods_InstagramTests.framework */; };
		799F0B2824B4F9CD00FAECC6 /* FeedViewController.m in Sources */ = {isa = PBXBuildFile; fileRef = 799F0B2724B4F9CD00FAECC6 /* FeedViewController.m */; };
		79B78AA524B3CEC70013BB4D /* AppDelegate.m in Sources */ = {isa = PBXBuildFile; fileRef = 79B78AA424B3CEC70013BB4D /* AppDelegate.m */; };
		79B78AA824B3CEC70013BB4D /* SceneDelegate.m in Sources */ = {isa = PBXBuildFile; fileRef = 79B78AA724B3CEC70013BB4D /* SceneDelegate.m */; };
		79B78AAB24B3CEC70013BB4D /* LoginViewController.m in Sources */ = {isa = PBXBuildFile; fileRef = 79B78AAA24B3CEC70013BB4D /* LoginViewController.m */; };
		79B78AAE24B3CEC70013BB4D /* Main.storyboard in Resources */ = {isa = PBXBuildFile; fileRef = 79B78AAC24B3CEC70013BB4D /* Main.storyboard */; };
		79B78AB024B3CEC80013BB4D /* Assets.xcassets in Resources */ = {isa = PBXBuildFile; fileRef = 79B78AAF24B3CEC80013BB4D /* Assets.xcassets */; };
		79B78AB324B3CEC80013BB4D /* LaunchScreen.storyboard in Resources */ = {isa = PBXBuildFile; fileRef = 79B78AB124B3CEC80013BB4D /* LaunchScreen.storyboard */; };
		79B78AB624B3CEC80013BB4D /* main.m in Sources */ = {isa = PBXBuildFile; fileRef = 79B78AB524B3CEC80013BB4D /* main.m */; };
		79B78AC024B3CEC80013BB4D /* InstagramTests.m in Sources */ = {isa = PBXBuildFile; fileRef = 79B78ABF24B3CEC80013BB4D /* InstagramTests.m */; };
		79B78ACB24B3CEC80013BB4D /* InstagramUITests.m in Sources */ = {isa = PBXBuildFile; fileRef = 79B78ACA24B3CEC80013BB4D /* InstagramUITests.m */; };
		87132A6D06A5EA424650D9FE /* Pods_Instagram.framework in Frameworks */ = {isa = PBXBuildFile; fileRef = 2D2588D8B3FFF388EF7EF3E2 /* Pods_Instagram.framework */; };
/* End PBXBuildFile section */

/* Begin PBXContainerItemProxy section */
		79B78ABC24B3CEC80013BB4D /* PBXContainerItemProxy */ = {
			isa = PBXContainerItemProxy;
			containerPortal = 79B78A9824B3CEC70013BB4D /* Project object */;
			proxyType = 1;
			remoteGlobalIDString = 79B78A9F24B3CEC70013BB4D;
			remoteInfo = Instagram;
		};
		79B78AC724B3CEC80013BB4D /* PBXContainerItemProxy */ = {
			isa = PBXContainerItemProxy;
			containerPortal = 79B78A9824B3CEC70013BB4D /* Project object */;
			proxyType = 1;
			remoteGlobalIDString = 79B78A9F24B3CEC70013BB4D;
			remoteInfo = Instagram;
		};
/* End PBXContainerItemProxy section */

/* Begin PBXFileReference section */
		09C8709F24BBF493829E807B /* Pods_Instagram_InstagramUITests.framework */ = {isa = PBXFileReference; explicitFileType = wrapper.framework; includeInIndex = 0; path = Pods_Instagram_InstagramUITests.framework; sourceTree = BUILT_PRODUCTS_DIR; };
		1A4A781B78B26C609E721813 /* Pods-Instagram-InstagramUITests.debug.xcconfig */ = {isa = PBXFileReference; includeInIndex = 1; lastKnownFileType = text.xcconfig; name = "Pods-Instagram-InstagramUITests.debug.xcconfig"; path = "Target Support Files/Pods-Instagram-InstagramUITests/Pods-Instagram-InstagramUITests.debug.xcconfig"; sourceTree = "<group>"; };
		2D2588D8B3FFF388EF7EF3E2 /* Pods_Instagram.framework */ = {isa = PBXFileReference; explicitFileType = wrapper.framework; includeInIndex = 0; path = Pods_Instagram.framework; sourceTree = BUILT_PRODUCTS_DIR; };
		3D16ECAAF128EC1AA4003C0A /* Pods-Instagram-InstagramUITests.release.xcconfig */ = {isa = PBXFileReference; includeInIndex = 1; lastKnownFileType = text.xcconfig; name = "Pods-Instagram-InstagramUITests.release.xcconfig"; path = "Target Support Files/Pods-Instagram-InstagramUITests/Pods-Instagram-InstagramUITests.release.xcconfig"; sourceTree = "<group>"; };
		3D8239426EFFB4B7B834FE55 /* Pods_InstagramTests.framework */ = {isa = PBXFileReference; explicitFileType = wrapper.framework; includeInIndex = 0; path = Pods_InstagramTests.framework; sourceTree = BUILT_PRODUCTS_DIR; };
		799F0B2624B4F9CD00FAECC6 /* FeedViewController.h */ = {isa = PBXFileReference; lastKnownFileType = sourcecode.c.h; path = FeedViewController.h; sourceTree = "<group>"; };
		799F0B2724B4F9CD00FAECC6 /* FeedViewController.m */ = {isa = PBXFileReference; lastKnownFileType = sourcecode.c.objc; path = FeedViewController.m; sourceTree = "<group>"; };
		79B78AA024B3CEC70013BB4D /* Instagram.app */ = {isa = PBXFileReference; explicitFileType = wrapper.application; includeInIndex = 0; path = Instagram.app; sourceTree = BUILT_PRODUCTS_DIR; };
		79B78AA324B3CEC70013BB4D /* AppDelegate.h */ = {isa = PBXFileReference; lastKnownFileType = sourcecode.c.h; path = AppDelegate.h; sourceTree = "<group>"; };
		79B78AA424B3CEC70013BB4D /* AppDelegate.m */ = {isa = PBXFileReference; lastKnownFileType = sourcecode.c.objc; path = AppDelegate.m; sourceTree = "<group>"; };
		79B78AA624B3CEC70013BB4D /* SceneDelegate.h */ = {isa = PBXFileReference; lastKnownFileType = sourcecode.c.h; path = SceneDelegate.h; sourceTree = "<group>"; };
		79B78AA724B3CEC70013BB4D /* SceneDelegate.m */ = {isa = PBXFileReference; lastKnownFileType = sourcecode.c.objc; path = SceneDelegate.m; sourceTree = "<group>"; };
		79B78AA924B3CEC70013BB4D /* LoginViewController.h */ = {isa = PBXFileReference; lastKnownFileType = sourcecode.c.h; path = LoginViewController.h; sourceTree = "<group>"; };
		79B78AAA24B3CEC70013BB4D /* LoginViewController.m */ = {isa = PBXFileReference; lastKnownFileType = sourcecode.c.objc; path = LoginViewController.m; sourceTree = "<group>"; };
		79B78AAD24B3CEC70013BB4D /* Base */ = {isa = PBXFileReference; lastKnownFileType = file.storyboard; name = Base; path = Base.lproj/Main.storyboard; sourceTree = "<group>"; };
		79B78AAF24B3CEC80013BB4D /* Assets.xcassets */ = {isa = PBXFileReference; lastKnownFileType = folder.assetcatalog; path = Assets.xcassets; sourceTree = "<group>"; };
		79B78AB224B3CEC80013BB4D /* Base */ = {isa = PBXFileReference; lastKnownFileType = file.storyboard; name = Base; path = Base.lproj/LaunchScreen.storyboard; sourceTree = "<group>"; };
		79B78AB424B3CEC80013BB4D /* Info.plist */ = {isa = PBXFileReference; lastKnownFileType = text.plist.xml; path = Info.plist; sourceTree = "<group>"; };
		79B78AB524B3CEC80013BB4D /* main.m */ = {isa = PBXFileReference; lastKnownFileType = sourcecode.c.objc; path = main.m; sourceTree = "<group>"; };
		79B78ABB24B3CEC80013BB4D /* InstagramTests.xctest */ = {isa = PBXFileReference; explicitFileType = wrapper.cfbundle; includeInIndex = 0; path = InstagramTests.xctest; sourceTree = BUILT_PRODUCTS_DIR; };
		79B78ABF24B3CEC80013BB4D /* InstagramTests.m */ = {isa = PBXFileReference; lastKnownFileType = sourcecode.c.objc; path = InstagramTests.m; sourceTree = "<group>"; };
		79B78AC124B3CEC80013BB4D /* Info.plist */ = {isa = PBXFileReference; lastKnownFileType = text.plist.xml; path = Info.plist; sourceTree = "<group>"; };
		79B78AC624B3CEC80013BB4D /* InstagramUITests.xctest */ = {isa = PBXFileReference; explicitFileType = wrapper.cfbundle; includeInIndex = 0; path = InstagramUITests.xctest; sourceTree = BUILT_PRODUCTS_DIR; };
		79B78ACA24B3CEC80013BB4D /* InstagramUITests.m */ = {isa = PBXFileReference; lastKnownFileType = sourcecode.c.objc; path = InstagramUITests.m; sourceTree = "<group>"; };
		79B78ACC24B3CEC80013BB4D /* Info.plist */ = {isa = PBXFileReference; lastKnownFileType = text.plist.xml; path = Info.plist; sourceTree = "<group>"; };
		7F2D1CEBB0E2D3143565B405 /* Pods-Instagram.release.xcconfig */ = {isa = PBXFileReference; includeInIndex = 1; lastKnownFileType = text.xcconfig; name = "Pods-Instagram.release.xcconfig"; path = "Target Support Files/Pods-Instagram/Pods-Instagram.release.xcconfig"; sourceTree = "<group>"; };
		9BCDEF1D536A07468EE97065 /* Pods-Instagram.debug.xcconfig */ = {isa = PBXFileReference; includeInIndex = 1; lastKnownFileType = text.xcconfig; name = "Pods-Instagram.debug.xcconfig"; path = "Target Support Files/Pods-Instagram/Pods-Instagram.debug.xcconfig"; sourceTree = "<group>"; };
		DEA58E33EB1EB8FEFADE74E6 /* Pods-InstagramTests.debug.xcconfig */ = {isa = PBXFileReference; includeInIndex = 1; lastKnownFileType = text.xcconfig; name = "Pods-InstagramTests.debug.xcconfig"; path = "Target Support Files/Pods-InstagramTests/Pods-InstagramTests.debug.xcconfig"; sourceTree = "<group>"; };
		ED826F890BBF644594E8691F /* Pods-InstagramTests.release.xcconfig */ = {isa = PBXFileReference; includeInIndex = 1; lastKnownFileType = text.xcconfig; name = "Pods-InstagramTests.release.xcconfig"; path = "Target Support Files/Pods-InstagramTests/Pods-InstagramTests.release.xcconfig"; sourceTree = "<group>"; };
/* End PBXFileReference section */

/* Begin PBXFrameworksBuildPhase section */
		79B78A9D24B3CEC70013BB4D /* Frameworks */ = {
			isa = PBXFrameworksBuildPhase;
			buildActionMask = 2147483647;
			files = (
				87132A6D06A5EA424650D9FE /* Pods_Instagram.framework in Frameworks */,
			);
			runOnlyForDeploymentPostprocessing = 0;
		};
		79B78AB824B3CEC80013BB4D /* Frameworks */ = {
			isa = PBXFrameworksBuildPhase;
			buildActionMask = 2147483647;
			files = (
				564C98C18A10D18076F3C416 /* Pods_InstagramTests.framework in Frameworks */,
			);
			runOnlyForDeploymentPostprocessing = 0;
		};
		79B78AC324B3CEC80013BB4D /* Frameworks */ = {
			isa = PBXFrameworksBuildPhase;
			buildActionMask = 2147483647;
			files = (
				184B822D676B167F2E7AAA5C /* Pods_Instagram_InstagramUITests.framework in Frameworks */,
			);
			runOnlyForDeploymentPostprocessing = 0;
		};
/* End PBXFrameworksBuildPhase section */

/* Begin PBXGroup section */
		18ECBBCC6C0B14168492955A /* Frameworks */ = {
			isa = PBXGroup;
			children = (
				2D2588D8B3FFF388EF7EF3E2 /* Pods_Instagram.framework */,
				09C8709F24BBF493829E807B /* Pods_Instagram_InstagramUITests.framework */,
				3D8239426EFFB4B7B834FE55 /* Pods_InstagramTests.framework */,
			);
			name = Frameworks;
			sourceTree = "<group>";
		};
		79B78A9724B3CEC70013BB4D = {
			isa = PBXGroup;
			children = (
				79B78AA224B3CEC70013BB4D /* Instagram */,
				79B78ABE24B3CEC80013BB4D /* InstagramTests */,
				79B78AC924B3CEC80013BB4D /* InstagramUITests */,
				79B78AA124B3CEC70013BB4D /* Products */,
				86184348EE45A06CD3C00D62 /* Pods */,
				18ECBBCC6C0B14168492955A /* Frameworks */,
			);
			sourceTree = "<group>";
		};
		79B78AA124B3CEC70013BB4D /* Products */ = {
			isa = PBXGroup;
			children = (
				79B78AA024B3CEC70013BB4D /* Instagram.app */,
				79B78ABB24B3CEC80013BB4D /* InstagramTests.xctest */,
				79B78AC624B3CEC80013BB4D /* InstagramUITests.xctest */,
			);
			name = Products;
			sourceTree = "<group>";
		};
		79B78AA224B3CEC70013BB4D /* Instagram */ = {
			isa = PBXGroup;
			children = (
				79B78AD924B4F6170013BB4D /* Views */,
				79B78AD824B4F60E0013BB4D /* View Controllers */,
				79B78AA324B3CEC70013BB4D /* AppDelegate.h */,
				79B78AA424B3CEC70013BB4D /* AppDelegate.m */,
				79B78AA624B3CEC70013BB4D /* SceneDelegate.h */,
				79B78AA724B3CEC70013BB4D /* SceneDelegate.m */,
				79B78AAC24B3CEC70013BB4D /* Main.storyboard */,
				79B78AAF24B3CEC80013BB4D /* Assets.xcassets */,
				79B78AB124B3CEC80013BB4D /* LaunchScreen.storyboard */,
				79B78AB424B3CEC80013BB4D /* Info.plist */,
				79B78AB524B3CEC80013BB4D /* main.m */,
			);
			path = Instagram;
			sourceTree = "<group>";
		};
		79B78ABE24B3CEC80013BB4D /* InstagramTests */ = {
			isa = PBXGroup;
			children = (
				79B78ABF24B3CEC80013BB4D /* InstagramTests.m */,
				79B78AC124B3CEC80013BB4D /* Info.plist */,
			);
			path = InstagramTests;
			sourceTree = "<group>";
		};
		79B78AC924B3CEC80013BB4D /* InstagramUITests */ = {
			isa = PBXGroup;
			children = (
				79B78ACA24B3CEC80013BB4D /* InstagramUITests.m */,
				79B78ACC24B3CEC80013BB4D /* Info.plist */,
			);
			path = InstagramUITests;
			sourceTree = "<group>";
		};
		79B78AD824B4F60E0013BB4D /* View Controllers */ = {
			isa = PBXGroup;
			children = (
				79B78AA924B3CEC70013BB4D /* LoginViewController.h */,
				79B78AAA24B3CEC70013BB4D /* LoginViewController.m */,
				799F0B2624B4F9CD00FAECC6 /* FeedViewController.h */,
				799F0B2724B4F9CD00FAECC6 /* FeedViewController.m */,
			);
			path = "View Controllers";
			sourceTree = "<group>";
		};
		79B78AD924B4F6170013BB4D /* Views */ = {
			isa = PBXGroup;
			children = (
			);
			path = Views;
			sourceTree = "<group>";
		};
		86184348EE45A06CD3C00D62 /* Pods */ = {
			isa = PBXGroup;
			children = (
				9BCDEF1D536A07468EE97065 /* Pods-Instagram.debug.xcconfig */,
				7F2D1CEBB0E2D3143565B405 /* Pods-Instagram.release.xcconfig */,
				1A4A781B78B26C609E721813 /* Pods-Instagram-InstagramUITests.debug.xcconfig */,
				3D16ECAAF128EC1AA4003C0A /* Pods-Instagram-InstagramUITests.release.xcconfig */,
				DEA58E33EB1EB8FEFADE74E6 /* Pods-InstagramTests.debug.xcconfig */,
				ED826F890BBF644594E8691F /* Pods-InstagramTests.release.xcconfig */,
			);
			path = Pods;
			sourceTree = "<group>";
		};
/* End PBXGroup section */

/* Begin PBXNativeTarget section */
		79B78A9F24B3CEC70013BB4D /* Instagram */ = {
			isa = PBXNativeTarget;
			buildConfigurationList = 79B78ACF24B3CEC80013BB4D /* Build configuration list for PBXNativeTarget "Instagram" */;
			buildPhases = (
				1532D1B9B1E89880018071F0 /* [CP] Check Pods Manifest.lock */,
				79B78A9C24B3CEC70013BB4D /* Sources */,
				79B78A9D24B3CEC70013BB4D /* Frameworks */,
				79B78A9E24B3CEC70013BB4D /* Resources */,
				19A47CAF56D9527689B4BFF4 /* [CP] Embed Pods Frameworks */,
			);
			buildRules = (
			);
			dependencies = (
			);
			name = Instagram;
			productName = Instagram;
			productReference = 79B78AA024B3CEC70013BB4D /* Instagram.app */;
			productType = "com.apple.product-type.application";
		};
		79B78ABA24B3CEC80013BB4D /* InstagramTests */ = {
			isa = PBXNativeTarget;
			buildConfigurationList = 79B78AD224B3CEC80013BB4D /* Build configuration list for PBXNativeTarget "InstagramTests" */;
			buildPhases = (
				BA4722C4F19D5A8FDE1471EB /* [CP] Check Pods Manifest.lock */,
				79B78AB724B3CEC80013BB4D /* Sources */,
				79B78AB824B3CEC80013BB4D /* Frameworks */,
				79B78AB924B3CEC80013BB4D /* Resources */,
			);
			buildRules = (
			);
			dependencies = (
				79B78ABD24B3CEC80013BB4D /* PBXTargetDependency */,
			);
			name = InstagramTests;
			productName = InstagramTests;
			productReference = 79B78ABB24B3CEC80013BB4D /* InstagramTests.xctest */;
			productType = "com.apple.product-type.bundle.unit-test";
		};
		79B78AC524B3CEC80013BB4D /* InstagramUITests */ = {
			isa = PBXNativeTarget;
			buildConfigurationList = 79B78AD524B3CEC80013BB4D /* Build configuration list for PBXNativeTarget "InstagramUITests" */;
			buildPhases = (
				26725C6578D24A31096F58B1 /* [CP] Check Pods Manifest.lock */,
				79B78AC224B3CEC80013BB4D /* Sources */,
				79B78AC324B3CEC80013BB4D /* Frameworks */,
				79B78AC424B3CEC80013BB4D /* Resources */,
				30DDCF978B0BDD3E498AFF96 /* [CP] Embed Pods Frameworks */,
			);
			buildRules = (
			);
			dependencies = (
				79B78AC824B3CEC80013BB4D /* PBXTargetDependency */,
			);
			name = InstagramUITests;
			productName = InstagramUITests;
			productReference = 79B78AC624B3CEC80013BB4D /* InstagramUITests.xctest */;
			productType = "com.apple.product-type.bundle.ui-testing";
		};
/* End PBXNativeTarget section */

/* Begin PBXProject section */
		79B78A9824B3CEC70013BB4D /* Project object */ = {
			isa = PBXProject;
			attributes = {
				LastUpgradeCheck = 1150;
				ORGANIZATIONNAME = "Julie Herrick";
				TargetAttributes = {
					79B78A9F24B3CEC70013BB4D = {
						CreatedOnToolsVersion = 11.5;
					};
					79B78ABA24B3CEC80013BB4D = {
						CreatedOnToolsVersion = 11.5;
						TestTargetID = 79B78A9F24B3CEC70013BB4D;
					};
					79B78AC524B3CEC80013BB4D = {
						CreatedOnToolsVersion = 11.5;
						TestTargetID = 79B78A9F24B3CEC70013BB4D;
					};
				};
			};
			buildConfigurationList = 79B78A9B24B3CEC70013BB4D /* Build configuration list for PBXProject "Instagram" */;
			compatibilityVersion = "Xcode 9.3";
			developmentRegion = en;
			hasScannedForEncodings = 0;
			knownRegions = (
				en,
				Base,
			);
			mainGroup = 79B78A9724B3CEC70013BB4D;
			productRefGroup = 79B78AA124B3CEC70013BB4D /* Products */;
			projectDirPath = "";
			projectRoot = "";
			targets = (
				79B78A9F24B3CEC70013BB4D /* Instagram */,
				79B78ABA24B3CEC80013BB4D /* InstagramTests */,
				79B78AC524B3CEC80013BB4D /* InstagramUITests */,
			);
		};
/* End PBXProject section */

/* Begin PBXResourcesBuildPhase section */
		79B78A9E24B3CEC70013BB4D /* Resources */ = {
			isa = PBXResourcesBuildPhase;
			buildActionMask = 2147483647;
			files = (
				79B78AB324B3CEC80013BB4D /* LaunchScreen.storyboard in Resources */,
				79B78AB024B3CEC80013BB4D /* Assets.xcassets in Resources */,
				79B78AAE24B3CEC70013BB4D /* Main.storyboard in Resources */,
			);
			runOnlyForDeploymentPostprocessing = 0;
		};
		79B78AB924B3CEC80013BB4D /* Resources */ = {
			isa = PBXResourcesBuildPhase;
			buildActionMask = 2147483647;
			files = (
			);
			runOnlyForDeploymentPostprocessing = 0;
		};
		79B78AC424B3CEC80013BB4D /* Resources */ = {
			isa = PBXResourcesBuildPhase;
			buildActionMask = 2147483647;
			files = (
			);
			runOnlyForDeploymentPostprocessing = 0;
		};
/* End PBXResourcesBuildPhase section */

/* Begin PBXShellScriptBuildPhase section */
		1532D1B9B1E89880018071F0 /* [CP] Check Pods Manifest.lock */ = {
			isa = PBXShellScriptBuildPhase;
			buildActionMask = 2147483647;
			files = (
			);
			inputFileListPaths = (
			);
			inputPaths = (
				"${PODS_PODFILE_DIR_PATH}/Podfile.lock",
				"${PODS_ROOT}/Manifest.lock",
			);
			name = "[CP] Check Pods Manifest.lock";
			outputFileListPaths = (
			);
			outputPaths = (
				"$(DERIVED_FILE_DIR)/Pods-Instagram-checkManifestLockResult.txt",
			);
			runOnlyForDeploymentPostprocessing = 0;
			shellPath = /bin/sh;
			shellScript = "diff \"${PODS_PODFILE_DIR_PATH}/Podfile.lock\" \"${PODS_ROOT}/Manifest.lock\" > /dev/null\nif [ $? != 0 ] ; then\n    # print error to STDERR\n    echo \"error: The sandbox is not in sync with the Podfile.lock. Run 'pod install' or update your CocoaPods installation.\" >&2\n    exit 1\nfi\n# This output is used by Xcode 'outputs' to avoid re-running this script phase.\necho \"SUCCESS\" > \"${SCRIPT_OUTPUT_FILE_0}\"\n";
			showEnvVarsInLog = 0;
		};
		19A47CAF56D9527689B4BFF4 /* [CP] Embed Pods Frameworks */ = {
			isa = PBXShellScriptBuildPhase;
			buildActionMask = 2147483647;
			files = (
			);
			inputFileListPaths = (
				"${PODS_ROOT}/Target Support Files/Pods-Instagram/Pods-Instagram-frameworks-${CONFIGURATION}-input-files.xcfilelist",
			);
			name = "[CP] Embed Pods Frameworks";
			outputFileListPaths = (
				"${PODS_ROOT}/Target Support Files/Pods-Instagram/Pods-Instagram-frameworks-${CONFIGURATION}-output-files.xcfilelist",
			);
			runOnlyForDeploymentPostprocessing = 0;
			shellPath = /bin/sh;
			shellScript = "\"${PODS_ROOT}/Target Support Files/Pods-Instagram/Pods-Instagram-frameworks.sh\"\n";
			showEnvVarsInLog = 0;
		};
		26725C6578D24A31096F58B1 /* [CP] Check Pods Manifest.lock */ = {
			isa = PBXShellScriptBuildPhase;
			buildActionMask = 2147483647;
			files = (
			);
			inputFileListPaths = (
			);
			inputPaths = (
				"${PODS_PODFILE_DIR_PATH}/Podfile.lock",
				"${PODS_ROOT}/Manifest.lock",
			);
			name = "[CP] Check Pods Manifest.lock";
			outputFileListPaths = (
			);
			outputPaths = (
				"$(DERIVED_FILE_DIR)/Pods-Instagram-InstagramUITests-checkManifestLockResult.txt",
			);
			runOnlyForDeploymentPostprocessing = 0;
			shellPath = /bin/sh;
			shellScript = "diff \"${PODS_PODFILE_DIR_PATH}/Podfile.lock\" \"${PODS_ROOT}/Manifest.lock\" > /dev/null\nif [ $? != 0 ] ; then\n    # print error to STDERR\n    echo \"error: The sandbox is not in sync with the Podfile.lock. Run 'pod install' or update your CocoaPods installation.\" >&2\n    exit 1\nfi\n# This output is used by Xcode 'outputs' to avoid re-running this script phase.\necho \"SUCCESS\" > \"${SCRIPT_OUTPUT_FILE_0}\"\n";
			showEnvVarsInLog = 0;
		};
		30DDCF978B0BDD3E498AFF96 /* [CP] Embed Pods Frameworks */ = {
			isa = PBXShellScriptBuildPhase;
			buildActionMask = 2147483647;
			files = (
			);
			inputFileListPaths = (
				"${PODS_ROOT}/Target Support Files/Pods-Instagram-InstagramUITests/Pods-Instagram-InstagramUITests-frameworks-${CONFIGURATION}-input-files.xcfilelist",
			);
			name = "[CP] Embed Pods Frameworks";
			outputFileListPaths = (
				"${PODS_ROOT}/Target Support Files/Pods-Instagram-InstagramUITests/Pods-Instagram-InstagramUITests-frameworks-${CONFIGURATION}-output-files.xcfilelist",
			);
			runOnlyForDeploymentPostprocessing = 0;
			shellPath = /bin/sh;
			shellScript = "\"${PODS_ROOT}/Target Support Files/Pods-Instagram-InstagramUITests/Pods-Instagram-InstagramUITests-frameworks.sh\"\n";
			showEnvVarsInLog = 0;
		};
		BA4722C4F19D5A8FDE1471EB /* [CP] Check Pods Manifest.lock */ = {
			isa = PBXShellScriptBuildPhase;
			buildActionMask = 2147483647;
			files = (
			);
			inputFileListPaths = (
			);
			inputPaths = (
				"${PODS_PODFILE_DIR_PATH}/Podfile.lock",
				"${PODS_ROOT}/Manifest.lock",
			);
			name = "[CP] Check Pods Manifest.lock";
			outputFileListPaths = (
			);
			outputPaths = (
				"$(DERIVED_FILE_DIR)/Pods-InstagramTests-checkManifestLockResult.txt",
			);
			runOnlyForDeploymentPostprocessing = 0;
			shellPath = /bin/sh;
			shellScript = "diff \"${PODS_PODFILE_DIR_PATH}/Podfile.lock\" \"${PODS_ROOT}/Manifest.lock\" > /dev/null\nif [ $? != 0 ] ; then\n    # print error to STDERR\n    echo \"error: The sandbox is not in sync with the Podfile.lock. Run 'pod install' or update your CocoaPods installation.\" >&2\n    exit 1\nfi\n# This output is used by Xcode 'outputs' to avoid re-running this script phase.\necho \"SUCCESS\" > \"${SCRIPT_OUTPUT_FILE_0}\"\n";
			showEnvVarsInLog = 0;
		};
/* End PBXShellScriptBuildPhase section */

/* Begin PBXSourcesBuildPhase section */
		79B78A9C24B3CEC70013BB4D /* Sources */ = {
			isa = PBXSourcesBuildPhase;
			buildActionMask = 2147483647;
			files = (
				79B78AAB24B3CEC70013BB4D /* LoginViewController.m in Sources */,
				799F0B2824B4F9CD00FAECC6 /* FeedViewController.m in Sources */,
				79B78AA524B3CEC70013BB4D /* AppDelegate.m in Sources */,
				79B78AB624B3CEC80013BB4D /* main.m in Sources */,
				79B78AA824B3CEC70013BB4D /* SceneDelegate.m in Sources */,
			);
			runOnlyForDeploymentPostprocessing = 0;
		};
		79B78AB724B3CEC80013BB4D /* Sources */ = {
			isa = PBXSourcesBuildPhase;
			buildActionMask = 2147483647;
			files = (
				79B78AC024B3CEC80013BB4D /* InstagramTests.m in Sources */,
			);
			runOnlyForDeploymentPostprocessing = 0;
		};
		79B78AC224B3CEC80013BB4D /* Sources */ = {
			isa = PBXSourcesBuildPhase;
			buildActionMask = 2147483647;
			files = (
				79B78ACB24B3CEC80013BB4D /* InstagramUITests.m in Sources */,
			);
			runOnlyForDeploymentPostprocessing = 0;
		};
/* End PBXSourcesBuildPhase section */

/* Begin PBXTargetDependency section */
		79B78ABD24B3CEC80013BB4D /* PBXTargetDependency */ = {
			isa = PBXTargetDependency;
			target = 79B78A9F24B3CEC70013BB4D /* Instagram */;
			targetProxy = 79B78ABC24B3CEC80013BB4D /* PBXContainerItemProxy */;
		};
		79B78AC824B3CEC80013BB4D /* PBXTargetDependency */ = {
			isa = PBXTargetDependency;
			target = 79B78A9F24B3CEC70013BB4D /* Instagram */;
			targetProxy = 79B78AC724B3CEC80013BB4D /* PBXContainerItemProxy */;
		};
/* End PBXTargetDependency section */

/* Begin PBXVariantGroup section */
		79B78AAC24B3CEC70013BB4D /* Main.storyboard */ = {
			isa = PBXVariantGroup;
			children = (
				79B78AAD24B3CEC70013BB4D /* Base */,
			);
			name = Main.storyboard;
			sourceTree = "<group>";
		};
		79B78AB124B3CEC80013BB4D /* LaunchScreen.storyboard */ = {
			isa = PBXVariantGroup;
			children = (
				79B78AB224B3CEC80013BB4D /* Base */,
			);
			name = LaunchScreen.storyboard;
			sourceTree = "<group>";
		};
/* End PBXVariantGroup section */

/* Begin XCBuildConfiguration section */
		79B78ACD24B3CEC80013BB4D /* Debug */ = {
			isa = XCBuildConfiguration;
			buildSettings = {
				ALWAYS_SEARCH_USER_PATHS = NO;
				CLANG_ANALYZER_NONNULL = YES;
				CLANG_ANALYZER_NUMBER_OBJECT_CONVERSION = YES_AGGRESSIVE;
				CLANG_CXX_LANGUAGE_STANDARD = "gnu++14";
				CLANG_CXX_LIBRARY = "libc++";
				CLANG_ENABLE_MODULES = YES;
				CLANG_ENABLE_OBJC_ARC = YES;
				CLANG_ENABLE_OBJC_WEAK = YES;
				CLANG_WARN_BLOCK_CAPTURE_AUTORELEASING = YES;
				CLANG_WARN_BOOL_CONVERSION = YES;
				CLANG_WARN_COMMA = YES;
				CLANG_WARN_CONSTANT_CONVERSION = YES;
				CLANG_WARN_DEPRECATED_OBJC_IMPLEMENTATIONS = YES;
				CLANG_WARN_DIRECT_OBJC_ISA_USAGE = YES_ERROR;
				CLANG_WARN_DOCUMENTATION_COMMENTS = YES;
				CLANG_WARN_EMPTY_BODY = YES;
				CLANG_WARN_ENUM_CONVERSION = YES;
				CLANG_WARN_INFINITE_RECURSION = YES;
				CLANG_WARN_INT_CONVERSION = YES;
				CLANG_WARN_NON_LITERAL_NULL_CONVERSION = YES;
				CLANG_WARN_OBJC_IMPLICIT_RETAIN_SELF = YES;
				CLANG_WARN_OBJC_LITERAL_CONVERSION = YES;
				CLANG_WARN_OBJC_ROOT_CLASS = YES_ERROR;
				CLANG_WARN_RANGE_LOOP_ANALYSIS = YES;
				CLANG_WARN_STRICT_PROTOTYPES = YES;
				CLANG_WARN_SUSPICIOUS_MOVE = YES;
				CLANG_WARN_UNGUARDED_AVAILABILITY = YES_AGGRESSIVE;
				CLANG_WARN_UNREACHABLE_CODE = YES;
				CLANG_WARN__DUPLICATE_METHOD_MATCH = YES;
				COPY_PHASE_STRIP = NO;
				DEBUG_INFORMATION_FORMAT = dwarf;
				ENABLE_STRICT_OBJC_MSGSEND = YES;
				ENABLE_TESTABILITY = YES;
				GCC_C_LANGUAGE_STANDARD = gnu11;
				GCC_DYNAMIC_NO_PIC = NO;
				GCC_NO_COMMON_BLOCKS = YES;
				GCC_OPTIMIZATION_LEVEL = 0;
				GCC_PREPROCESSOR_DEFINITIONS = (
					"DEBUG=1",
					"$(inherited)",
				);
				GCC_WARN_64_TO_32_BIT_CONVERSION = YES;
				GCC_WARN_ABOUT_RETURN_TYPE = YES_ERROR;
				GCC_WARN_UNDECLARED_SELECTOR = YES;
				GCC_WARN_UNINITIALIZED_AUTOS = YES_AGGRESSIVE;
				GCC_WARN_UNUSED_FUNCTION = YES;
				GCC_WARN_UNUSED_VARIABLE = YES;
				IPHONEOS_DEPLOYMENT_TARGET = 13.5;
				MTL_ENABLE_DEBUG_INFO = INCLUDE_SOURCE;
				MTL_FAST_MATH = YES;
				ONLY_ACTIVE_ARCH = YES;
				SDKROOT = iphoneos;
			};
			name = Debug;
		};
		79B78ACE24B3CEC80013BB4D /* Release */ = {
			isa = XCBuildConfiguration;
			buildSettings = {
				ALWAYS_SEARCH_USER_PATHS = NO;
				CLANG_ANALYZER_NONNULL = YES;
				CLANG_ANALYZER_NUMBER_OBJECT_CONVERSION = YES_AGGRESSIVE;
				CLANG_CXX_LANGUAGE_STANDARD = "gnu++14";
				CLANG_CXX_LIBRARY = "libc++";
				CLANG_ENABLE_MODULES = YES;
				CLANG_ENABLE_OBJC_ARC = YES;
				CLANG_ENABLE_OBJC_WEAK = YES;
				CLANG_WARN_BLOCK_CAPTURE_AUTORELEASING = YES;
				CLANG_WARN_BOOL_CONVERSION = YES;
				CLANG_WARN_COMMA = YES;
				CLANG_WARN_CONSTANT_CONVERSION = YES;
				CLANG_WARN_DEPRECATED_OBJC_IMPLEMENTATIONS = YES;
				CLANG_WARN_DIRECT_OBJC_ISA_USAGE = YES_ERROR;
				CLANG_WARN_DOCUMENTATION_COMMENTS = YES;
				CLANG_WARN_EMPTY_BODY = YES;
				CLANG_WARN_ENUM_CONVERSION = YES;
				CLANG_WARN_INFINITE_RECURSION = YES;
				CLANG_WARN_INT_CONVERSION = YES;
				CLANG_WARN_NON_LITERAL_NULL_CONVERSION = YES;
				CLANG_WARN_OBJC_IMPLICIT_RETAIN_SELF = YES;
				CLANG_WARN_OBJC_LITERAL_CONVERSION = YES;
				CLANG_WARN_OBJC_ROOT_CLASS = YES_ERROR;
				CLANG_WARN_RANGE_LOOP_ANALYSIS = YES;
				CLANG_WARN_STRICT_PROTOTYPES = YES;
				CLANG_WARN_SUSPICIOUS_MOVE = YES;
				CLANG_WARN_UNGUARDED_AVAILABILITY = YES_AGGRESSIVE;
				CLANG_WARN_UNREACHABLE_CODE = YES;
				CLANG_WARN__DUPLICATE_METHOD_MATCH = YES;
				COPY_PHASE_STRIP = NO;
				DEBUG_INFORMATION_FORMAT = "dwarf-with-dsym";
				ENABLE_NS_ASSERTIONS = NO;
				ENABLE_STRICT_OBJC_MSGSEND = YES;
				GCC_C_LANGUAGE_STANDARD = gnu11;
				GCC_NO_COMMON_BLOCKS = YES;
				GCC_WARN_64_TO_32_BIT_CONVERSION = YES;
				GCC_WARN_ABOUT_RETURN_TYPE = YES_ERROR;
				GCC_WARN_UNDECLARED_SELECTOR = YES;
				GCC_WARN_UNINITIALIZED_AUTOS = YES_AGGRESSIVE;
				GCC_WARN_UNUSED_FUNCTION = YES;
				GCC_WARN_UNUSED_VARIABLE = YES;
				IPHONEOS_DEPLOYMENT_TARGET = 13.5;
				MTL_ENABLE_DEBUG_INFO = NO;
				MTL_FAST_MATH = YES;
				SDKROOT = iphoneos;
				VALIDATE_PRODUCT = YES;
			};
			name = Release;
		};
		79B78AD024B3CEC80013BB4D /* Debug */ = {
			isa = XCBuildConfiguration;
			baseConfigurationReference = 9BCDEF1D536A07468EE97065 /* Pods-Instagram.debug.xcconfig */;
			buildSettings = {
				ASSETCATALOG_COMPILER_APPICON_NAME = AppIcon;
				CODE_SIGN_STYLE = Automatic;
				DEVELOPMENT_TEAM = HX3HYZ63M6;
				INFOPLIST_FILE = Instagram/Info.plist;
				LD_RUNPATH_SEARCH_PATHS = (
					"$(inherited)",
					"@executable_path/Frameworks",
				);
				PRODUCT_BUNDLE_IDENTIFIER = com.julieherrick.Instagram;
				PRODUCT_NAME = "$(TARGET_NAME)";
				TARGETED_DEVICE_FAMILY = "1,2";
			};
			name = Debug;
		};
		79B78AD124B3CEC80013BB4D /* Release */ = {
			isa = XCBuildConfiguration;
			baseConfigurationReference = 7F2D1CEBB0E2D3143565B405 /* Pods-Instagram.release.xcconfig */;
			buildSettings = {
				ASSETCATALOG_COMPILER_APPICON_NAME = AppIcon;
				CODE_SIGN_STYLE = Automatic;
				DEVELOPMENT_TEAM = HX3HYZ63M6;
				INFOPLIST_FILE = Instagram/Info.plist;
				LD_RUNPATH_SEARCH_PATHS = (
					"$(inherited)",
					"@executable_path/Frameworks",
				);
				PRODUCT_BUNDLE_IDENTIFIER = com.julieherrick.Instagram;
				PRODUCT_NAME = "$(TARGET_NAME)";
				TARGETED_DEVICE_FAMILY = "1,2";
			};
			name = Release;
		};
		79B78AD324B3CEC80013BB4D /* Debug */ = {
			isa = XCBuildConfiguration;
			baseConfigurationReference = DEA58E33EB1EB8FEFADE74E6 /* Pods-InstagramTests.debug.xcconfig */;
			buildSettings = {
				BUNDLE_LOADER = "$(TEST_HOST)";
				CODE_SIGN_STYLE = Automatic;
				DEVELOPMENT_TEAM = HX3HYZ63M6;
				INFOPLIST_FILE = InstagramTests/Info.plist;
				IPHONEOS_DEPLOYMENT_TARGET = 13.5;
				LD_RUNPATH_SEARCH_PATHS = (
					"$(inherited)",
					"@executable_path/Frameworks",
					"@loader_path/Frameworks",
				);
				PRODUCT_BUNDLE_IDENTIFIER = com.julieherrick.InstagramTests;
				PRODUCT_NAME = "$(TARGET_NAME)";
				TARGETED_DEVICE_FAMILY = "1,2";
				TEST_HOST = "$(BUILT_PRODUCTS_DIR)/Instagram.app/Instagram";
			};
			name = Debug;
		};
		79B78AD424B3CEC80013BB4D /* Release */ = {
			isa = XCBuildConfiguration;
			baseConfigurationReference = ED826F890BBF644594E8691F /* Pods-InstagramTests.release.xcconfig */;
			buildSettings = {
				BUNDLE_LOADER = "$(TEST_HOST)";
				CODE_SIGN_STYLE = Automatic;
				DEVELOPMENT_TEAM = HX3HYZ63M6;
				INFOPLIST_FILE = InstagramTests/Info.plist;
				IPHONEOS_DEPLOYMENT_TARGET = 13.5;
				LD_RUNPATH_SEARCH_PATHS = (
					"$(inherited)",
					"@executable_path/Frameworks",
					"@loader_path/Frameworks",
				);
				PRODUCT_BUNDLE_IDENTIFIER = com.julieherrick.InstagramTests;
				PRODUCT_NAME = "$(TARGET_NAME)";
				TARGETED_DEVICE_FAMILY = "1,2";
				TEST_HOST = "$(BUILT_PRODUCTS_DIR)/Instagram.app/Instagram";
			};
			name = Release;
		};
		79B78AD624B3CEC80013BB4D /* Debug */ = {
			isa = XCBuildConfiguration;
			baseConfigurationReference = 1A4A781B78B26C609E721813 /* Pods-Instagram-InstagramUITests.debug.xcconfig */;
			buildSettings = {
				CODE_SIGN_STYLE = Automatic;
				DEVELOPMENT_TEAM = HX3HYZ63M6;
				INFOPLIST_FILE = InstagramUITests/Info.plist;
				LD_RUNPATH_SEARCH_PATHS = (
					"$(inherited)",
					"@executable_path/Frameworks",
					"@loader_path/Frameworks",
				);
				PRODUCT_BUNDLE_IDENTIFIER = com.julieherrick.InstagramUITests;
				PRODUCT_NAME = "$(TARGET_NAME)";
				TARGETED_DEVICE_FAMILY = "1,2";
				TEST_TARGET_NAME = Instagram;
			};
			name = Debug;
		};
		79B78AD724B3CEC80013BB4D /* Release */ = {
			isa = XCBuildConfiguration;
			baseConfigurationReference = 3D16ECAAF128EC1AA4003C0A /* Pods-Instagram-InstagramUITests.release.xcconfig */;
			buildSettings = {
				CODE_SIGN_STYLE = Automatic;
				DEVELOPMENT_TEAM = HX3HYZ63M6;
				INFOPLIST_FILE = InstagramUITests/Info.plist;
				LD_RUNPATH_SEARCH_PATHS = (
					"$(inherited)",
					"@executable_path/Frameworks",
					"@loader_path/Frameworks",
				);
				PRODUCT_BUNDLE_IDENTIFIER = com.julieherrick.InstagramUITests;
				PRODUCT_NAME = "$(TARGET_NAME)";
				TARGETED_DEVICE_FAMILY = "1,2";
				TEST_TARGET_NAME = Instagram;
			};
			name = Release;
		};
/* End XCBuildConfiguration section */

/* Begin XCConfigurationList section */
		79B78A9B24B3CEC70013BB4D /* Build configuration list for PBXProject "Instagram" */ = {
			isa = XCConfigurationList;
			buildConfigurations = (
				79B78ACD24B3CEC80013BB4D /* Debug */,
				79B78ACE24B3CEC80013BB4D /* Release */,
			);
			defaultConfigurationIsVisible = 0;
			defaultConfigurationName = Release;
		};
		79B78ACF24B3CEC80013BB4D /* Build configuration list for PBXNativeTarget "Instagram" */ = {
			isa = XCConfigurationList;
			buildConfigurations = (
				79B78AD024B3CEC80013BB4D /* Debug */,
				79B78AD124B3CEC80013BB4D /* Release */,
			);
			defaultConfigurationIsVisible = 0;
			defaultConfigurationName = Release;
		};
		79B78AD224B3CEC80013BB4D /* Build configuration list for PBXNativeTarget "InstagramTests" */ = {
			isa = XCConfigurationList;
			buildConfigurations = (
				79B78AD324B3CEC80013BB4D /* Debug */,
				79B78AD424B3CEC80013BB4D /* Release */,
			);
			defaultConfigurationIsVisible = 0;
			defaultConfigurationName = Release;
		};
		79B78AD524B3CEC80013BB4D /* Build configuration list for PBXNativeTarget "InstagramUITests" */ = {
			isa = XCConfigurationList;
			buildConfigurations = (
				79B78AD624B3CEC80013BB4D /* Debug */,
				79B78AD724B3CEC80013BB4D /* Release */,
			);
			defaultConfigurationIsVisible = 0;
			defaultConfigurationName = Release;
		};
/* End XCConfigurationList section */
	};
	rootObject = 79B78A9824B3CEC70013BB4D /* Project object */;
}
